
Microsoft Visual Studio Solution File, Format Version 12.00
# Visual Studio 14
VisualStudioVersion = 14.0.25420.1
MinimumVisualStudioVersion = 10.0.40219.1
Project("{FAE04EC0-301F-11D3-BF4B-00C04F79EFBC}") = "VaccineDose", "VaccineDose\VaccineDose.csproj", "{973BDA8B-E436-438A-BB1E-B3BDA137E1EF}"
EndProject
Project("{00D1A9C2-B5F0-4AF3-8072-F6C62B433612}") = "DB", "DB\DB.sqlproj", "{96AECC8E-8F34-4A6D-9AFD-E88E4EDEF626}"
EndProject
Project("{FAE04EC0-301F-11D3-BF4B-00C04F79EFBC}") = "FE", "FE\FE.csproj", "{49A2B2D2-C435-46E1-9055-F013623895FC}"
EndProject
Project("{FAE04EC0-301F-11D3-BF4B-00C04F79EFBC}") = "FE.Test", "FE.Test\FE.Test.csproj", "{94EAC794-352E-47A4-A006-45524E3EDE0C}"
EndProject
Global
	GlobalSection(SolutionConfigurationPlatforms) = preSolution
		Debug|Any CPU = Debug|Any CPU
		Release|Any CPU = Release|Any CPU
	EndGlobalSection
	GlobalSection(ProjectConfigurationPlatforms) = postSolution
		{973BDA8B-E436-438A-BB1E-B3BDA137E1EF}.Debug|Any CPU.ActiveCfg = Debug|Any CPU
		{973BDA8B-E436-438A-BB1E-B3BDA137E1EF}.Debug|Any CPU.Build.0 = Debug|Any CPU
		{973BDA8B-E436-438A-BB1E-B3BDA137E1EF}.Release|Any CPU.ActiveCfg = Release|Any CPU
		{973BDA8B-E436-438A-BB1E-B3BDA137E1EF}.Release|Any CPU.Build.0 = Release|Any CPU
		{96AECC8E-8F34-4A6D-9AFD-E88E4EDEF626}.Debug|Any CPU.ActiveCfg = Debug|Any CPU
		{96AECC8E-8F34-4A6D-9AFD-E88E4EDEF626}.Debug|Any CPU.Build.0 = Debug|Any CPU
		{96AECC8E-8F34-4A6D-9AFD-E88E4EDEF626}.Debug|Any CPU.Deploy.0 = Debug|Any CPU
		{96AECC8E-8F34-4A6D-9AFD-E88E4EDEF626}.Release|Any CPU.ActiveCfg = Release|Any CPU
		{96AECC8E-8F34-4A6D-9AFD-E88E4EDEF626}.Release|Any CPU.Build.0 = Release|Any CPU
		{96AECC8E-8F34-4A6D-9AFD-E88E4EDEF626}.Release|Any CPU.Deploy.0 = Release|Any CPU
		{49A2B2D2-C435-46E1-9055-F013623895FC}.Debug|Any CPU.ActiveCfg = Debug|Any CPU
		{49A2B2D2-C435-46E1-9055-F013623895FC}.Debug|Any CPU.Build.0 = Debug|Any CPU
		{49A2B2D2-C435-46E1-9055-F013623895FC}.Release|Any CPU.ActiveCfg = Release|Any CPU
		{49A2B2D2-C435-46E1-9055-F013623895FC}.Release|Any CPU.Build.0 = Release|Any CPU
		{94EAC794-352E-47A4-A006-45524E3EDE0C}.Debug|Any CPU.ActiveCfg = Debug|Any CPU
		{94EAC794-352E-47A4-A006-45524E3EDE0C}.Debug|Any CPU.Build.0 = Debug|Any CPU
		{94EAC794-352E-47A4-A006-45524E3EDE0C}.Release|Any CPU.ActiveCfg = Release|Any CPU
		{94EAC794-352E-47A4-A006-45524E3EDE0C}.Release|Any CPU.Build.0 = Release|Any CPU
	EndGlobalSection
	GlobalSection(SolutionProperties) = preSolution
		HideSolutionNode = FALSE
	EndGlobalSection
EndGlobal
